
Microsoft Visual Studio Solution File, Format Version 12.00
# Visual Studio Version 17
VisualStudioVersion = 17.4.33110.190
MinimumVisualStudioVersion = 10.0.40219.1
Project("{9A19103F-16F7-4668-BE54-9A1E7A4F7556}") = "Web-App ASP.NET", "Web-App ASP.NET\Web-App ASP.NET.csproj", "{C30C68ED-8C00-4B7D-8CAC-3815214A5624}"
EndProject
Global
	GlobalSection(SolutionConfigurationPlatforms) = preSolution
		Debug|Any CPU = Debug|Any CPU
		Release|Any CPU = Release|Any CPU
	EndGlobalSection
	GlobalSection(ProjectConfigurationPlatforms) = postSolution
		{C30C68ED-8C00-4B7D-8CAC-3815214A5624}.Debug|Any CPU.ActiveCfg = Debug|Any CPU
		{C30C68ED-8C00-4B7D-8CAC-3815214A5624}.Debug|Any CPU.Build.0 = Debug|Any CPU
		{C30C68ED-8C00-4B7D-8CAC-3815214A5624}.Release|Any CPU.ActiveCfg = Release|Any CPU
		{C30C68ED-8C00-4B7D-8CAC-3815214A5624}.Release|Any CPU.Build.0 = Release|Any CPU
	EndGlobalSection
	GlobalSection(SolutionProperties) = preSolution
		HideSolutionNode = FALSE
	EndGlobalSection
	GlobalSection(ExtensibilityGlobals) = postSolution
		SolutionGuid = {428AB127-A439-4997-9383-9C71059F3D3A}
	EndGlobalSection
EndGlobal
